
Microsoft Visual Studio Solution File, Format Version 12.00
# Visual Studio Version 17
VisualStudioVersion = 17.2.32630.192
MinimumVisualStudioVersion = 10.0.40219.1
Project("{FAE04EC0-301F-11D3-BF4B-00C04F79EFBC}") = "ClassLibraryDemo", "ClassLibraryDemo\ClassLibraryDemo.csproj", "{3EB2873A-6144-40C1-8F47-3C75E25945F7}"
EndProject
Global
	GlobalSection(SolutionConfigurationPlatforms) = preSolution
		Debug|Any CPU = Debug|Any CPU
		Release|Any CPU = Release|Any CPU
	EndGlobalSection
	GlobalSection(ProjectConfigurationPlatforms) = postSolution
		{3EB2873A-6144-40C1-8F47-3C75E25945F7}.Debug|Any CPU.ActiveCfg = Debug|Any CPU
		{3EB2873A-6144-40C1-8F47-3C75E25945F7}.Debug|Any CPU.Build.0 = Debug|Any CPU
		{3EB2873A-6144-40C1-8F47-3C75E25945F7}.Release|Any CPU.ActiveCfg = Release|Any CPU
		{3EB2873A-6144-40C1-8F47-3C75E25945F7}.Release|Any CPU.Build.0 = Release|Any CPU
	EndGlobalSection
	GlobalSection(SolutionProperties) = preSolution
		HideSolutionNode = FALSE
	EndGlobalSection
	GlobalSection(ExtensibilityGlobals) = postSolution
		SolutionGuid = {83836722-48ED-435B-B4F9-D249BFE53C1D}
	EndGlobalSection
EndGlobal
